
Microsoft Visual Studio Solution File, Format Version 12.00
# Visual Studio Version 16
VisualStudioVersion = 16.0.30804.86
MinimumVisualStudioVersion = 10.0.40219.1
Project("{9A19103F-16F7-4668-BE54-9A1E7A4F7556}") = "D2L.DynamoDBv2.NUnitHelpers", "src\D2L.DynamoDBv2.NUnitHelpers\D2L.DynamoDBv2.NUnitHelpers.csproj", "{919AEE16-523B-48FB-82B9-4B3E7D3E5047}"
EndProject
Project("{2150E333-8FDC-42A3-9474-1A3956D46DE8}") = "Solution Items", "Solution Items", "{356A87B5-A285-4018-8923-D8409A373B54}"
	ProjectSection(SolutionItems) = preProject
		.editorconfig = .editorconfig
		.github\workflows\build.yml = .github\workflows\build.yml
		Directory.Build.props = Directory.Build.props
	EndProjectSection
EndProject
Project("{9A19103F-16F7-4668-BE54-9A1E7A4F7556}") = "D2L.DynamoDBv2.NUnitHelpers.Tests", "test\D2L.DynamoDBv2.NUnitHelpers.Tests\D2L.DynamoDBv2.NUnitHelpers.Tests.csproj", "{0DC5FD65-466B-495E-9439-281A08B5D150}"
EndProject
Global
	GlobalSection(SolutionConfigurationPlatforms) = preSolution
		Debug|Any CPU = Debug|Any CPU
		Release|Any CPU = Release|Any CPU
	EndGlobalSection
	GlobalSection(ProjectConfigurationPlatforms) = postSolution
		{919AEE16-523B-48FB-82B9-4B3E7D3E5047}.Debug|Any CPU.ActiveCfg = Debug|Any CPU
		{919AEE16-523B-48FB-82B9-4B3E7D3E5047}.Debug|Any CPU.Build.0 = Debug|Any CPU
		{919AEE16-523B-48FB-82B9-4B3E7D3E5047}.Release|Any CPU.ActiveCfg = Release|Any CPU
		{919AEE16-523B-48FB-82B9-4B3E7D3E5047}.Release|Any CPU.Build.0 = Release|Any CPU
		{0DC5FD65-466B-495E-9439-281A08B5D150}.Debug|Any CPU.ActiveCfg = Debug|Any CPU
		{0DC5FD65-466B-495E-9439-281A08B5D150}.Debug|Any CPU.Build.0 = Debug|Any CPU
		{0DC5FD65-466B-495E-9439-281A08B5D150}.Release|Any CPU.ActiveCfg = Release|Any CPU
		{0DC5FD65-466B-495E-9439-281A08B5D150}.Release|Any CPU.Build.0 = Release|Any CPU
	EndGlobalSection
	GlobalSection(SolutionProperties) = preSolution
		HideSolutionNode = FALSE
	EndGlobalSection
	GlobalSection(ExtensibilityGlobals) = postSolution
		SolutionGuid = {501D297A-7621-47AB-8305-24B9A967D880}
	EndGlobalSection
EndGlobal
